// !$*UTF8*$!
{
	archiveVersion = 1;
	classes = {
	};
	objectVersion = 46;
	objects = {

/* Begin PBXBuildFile section */
		061E1B6628FCAA28DBB02982 /* Pods.framework in Frameworks */ = {isa = PBXBuildFile; fileRef = 72652D508BE7F85647DDFF22 /* Pods.framework */; };
		7F51BCF81BEB52DC002B0D91 /* RSItemController.swift in Sources */ = {isa = PBXBuildFile; fileRef = 7F51BCF71BEB52DC002B0D91 /* RSItemController.swift */; };
		874EA9231BC4560700B67E63 /* RSHomePageCell.swift in Sources */ = {isa = PBXBuildFile; fileRef = 874EA9211BC4560700B67E63 /* RSHomePageCell.swift */; };
		874EA9241BC4560700B67E63 /* RSHomePageCell.xib in Resources */ = {isa = PBXBuildFile; fileRef = 874EA9221BC4560700B67E63 /* RSHomePageCell.xib */; };
		875931B61BEE2ED700B857AD /* RSLoginController.swift in Sources */ = {isa = PBXBuildFile; fileRef = 875931B51BEE2ED700B857AD /* RSLoginController.swift */; };
		875931B81BEE2F0800B857AD /* RSRegisterController.swift in Sources */ = {isa = PBXBuildFile; fileRef = 875931B71BEE2F0800B857AD /* RSRegisterController.swift */; };
		875931BA1BEE32E900B857AD /* RSWelcomeController.swift in Sources */ = {isa = PBXBuildFile; fileRef = 875931B91BEE32E900B857AD /* RSWelcomeController.swift */; };
		87702A701BBE324E00FD8713 /* AppDelegate.swift in Sources */ = {isa = PBXBuildFile; fileRef = 87702A6F1BBE324E00FD8713 /* AppDelegate.swift */; };
		87702A771BBE324E00FD8713 /* Assets.xcassets in Resources */ = {isa = PBXBuildFile; fileRef = 87702A761BBE324E00FD8713 /* Assets.xcassets */; };
		87702A7A1BBE324E00FD8713 /* LaunchScreen.storyboard in Resources */ = {isa = PBXBuildFile; fileRef = 87702A781BBE324E00FD8713 /* LaunchScreen.storyboard */; };
		87702A851BBE324E00FD8713 /* RentsterTests.swift in Sources */ = {isa = PBXBuildFile; fileRef = 87702A841BBE324E00FD8713 /* RentsterTests.swift */; };
		87702A901BBE324E00FD8713 /* RentsterUITests.swift in Sources */ = {isa = PBXBuildFile; fileRef = 87702A8F1BBE324E00FD8713 /* RentsterUITests.swift */; };
		BB332FAC1BEDD78D0040114B /* ContactUser.swift in Sources */ = {isa = PBXBuildFile; fileRef = BB332FAA1BEDD78D0040114B /* ContactUser.swift */; };
		BB332FAF1BEDDD5D0040114B /* RSCustomTabBatViewController.swift in Sources */ = {isa = PBXBuildFile; fileRef = BB332FAE1BEDDD5D0040114B /* RSCustomTabBatViewController.swift */; };
		BBC4595B1BEE26B800461A97 /* RSContactContactView.swift in Sources */ = {isa = PBXBuildFile; fileRef = BBC459591BEE26B800461A97 /* RSContactContactView.swift */; };
		BBC4595C1BEE26B800461A97 /* RSContactContactView.xib in Resources */ = {isa = PBXBuildFile; fileRef = BBC4595A1BEE26B800461A97 /* RSContactContactView.xib */; };
		BBC459641BEE557700461A97 /* CreateNewController.swift in Sources */ = {isa = PBXBuildFile; fileRef = BBC459631BEE557700461A97 /* CreateNewController.swift */; };
		BBC459661BEE558C00461A97 /* Good.swift in Sources */ = {isa = PBXBuildFile; fileRef = BBC459651BEE558C00461A97 /* Good.swift */; };
		BBC459681BEE55D300461A97 /* RSItemDetailTableViewController.swift in Sources */ = {isa = PBXBuildFile; fileRef = BBC459671BEE55D300461A97 /* RSItemDetailTableViewController.swift */; };
		BBC4596A1BEE55E100461A97 /* RSPreviewPictureViewController.swift in Sources */ = {isa = PBXBuildFile; fileRef = BBC459691BEE55E100461A97 /* RSPreviewPictureViewController.swift */; };
		BBC4596C1BEE55F600461A97 /* RSHomePageController.swift in Sources */ = {isa = PBXBuildFile; fileRef = BBC4596B1BEE55F600461A97 /* RSHomePageController.swift */; };
		BBC459701BEE58ED00461A97 /* USer.swift in Sources */ = {isa = PBXBuildFile; fileRef = BBC4596F1BEE58ED00461A97 /* USer.swift */; };
		BBE3F6131BEE9895004ED842 /* Main.storyboard in Resources */ = {isa = PBXBuildFile; fileRef = BBE3F6121BEE9895004ED842 /* Main.storyboard */; };
/* End PBXBuildFile section */

/* Begin PBXContainerItemProxy section */
		87702A811BBE324E00FD8713 /* PBXContainerItemProxy */ = {
			isa = PBXContainerItemProxy;
			containerPortal = 87702A641BBE324E00FD8713 /* Project object */;
			proxyType = 1;
			remoteGlobalIDString = 87702A6B1BBE324E00FD8713;
			remoteInfo = Rentster;
		};
		87702A8C1BBE324E00FD8713 /* PBXContainerItemProxy */ = {
			isa = PBXContainerItemProxy;
			containerPortal = 87702A641BBE324E00FD8713 /* Project object */;
			proxyType = 1;
			remoteGlobalIDString = 87702A6B1BBE324E00FD8713;
			remoteInfo = Rentster;
		};
/* End PBXContainerItemProxy section */

/* Begin PBXFileReference section */
		72652D508BE7F85647DDFF22 /* Pods.framework */ = {isa = PBXFileReference; explicitFileType = wrapper.framework; includeInIndex = 0; path = Pods.framework; sourceTree = BUILT_PRODUCTS_DIR; };
		7F51BCF71BEB52DC002B0D91 /* RSItemController.swift */ = {isa = PBXFileReference; fileEncoding = 4; lastKnownFileType = sourcecode.swift; path = RSItemController.swift; sourceTree = "<group>"; };
		874EA9211BC4560700B67E63 /* RSHomePageCell.swift */ = {isa = PBXFileReference; fileEncoding = 4; lastKnownFileType = sourcecode.swift; path = RSHomePageCell.swift; sourceTree = "<group>"; };
		874EA9221BC4560700B67E63 /* RSHomePageCell.xib */ = {isa = PBXFileReference; fileEncoding = 4; lastKnownFileType = file.xib; path = RSHomePageCell.xib; sourceTree = "<group>"; };
		875931B51BEE2ED700B857AD /* RSLoginController.swift */ = {isa = PBXFileReference; fileEncoding = 4; lastKnownFileType = sourcecode.swift; path = RSLoginController.swift; sourceTree = "<group>"; };
		875931B71BEE2F0800B857AD /* RSRegisterController.swift */ = {isa = PBXFileReference; fileEncoding = 4; lastKnownFileType = sourcecode.swift; path = RSRegisterController.swift; sourceTree = "<group>"; };
		875931B91BEE32E900B857AD /* RSWelcomeController.swift */ = {isa = PBXFileReference; fileEncoding = 4; lastKnownFileType = sourcecode.swift; path = RSWelcomeController.swift; sourceTree = "<group>"; };
		87702A6C1BBE324E00FD8713 /* Rentster.app */ = {isa = PBXFileReference; explicitFileType = wrapper.application; includeInIndex = 0; path = Rentster.app; sourceTree = BUILT_PRODUCTS_DIR; };
		87702A6F1BBE324E00FD8713 /* AppDelegate.swift */ = {isa = PBXFileReference; lastKnownFileType = sourcecode.swift; path = AppDelegate.swift; sourceTree = "<group>"; };
		87702A761BBE324E00FD8713 /* Assets.xcassets */ = {isa = PBXFileReference; lastKnownFileType = folder.assetcatalog; path = Assets.xcassets; sourceTree = "<group>"; };
		87702A791BBE324E00FD8713 /* Base */ = {isa = PBXFileReference; lastKnownFileType = file.storyboard; name = Base; path = Base.lproj/LaunchScreen.storyboard; sourceTree = "<group>"; };
		87702A7B1BBE324E00FD8713 /* Info.plist */ = {isa = PBXFileReference; lastKnownFileType = text.plist.xml; path = Info.plist; sourceTree = "<group>"; };
		87702A801BBE324E00FD8713 /* RentsterTests.xctest */ = {isa = PBXFileReference; explicitFileType = wrapper.cfbundle; includeInIndex = 0; path = RentsterTests.xctest; sourceTree = BUILT_PRODUCTS_DIR; };
		87702A841BBE324E00FD8713 /* RentsterTests.swift */ = {isa = PBXFileReference; lastKnownFileType = sourcecode.swift; path = RentsterTests.swift; sourceTree = "<group>"; };
		87702A861BBE324E00FD8713 /* Info.plist */ = {isa = PBXFileReference; lastKnownFileType = text.plist.xml; path = Info.plist; sourceTree = "<group>"; };
		87702A8B1BBE324E00FD8713 /* RentsterUITests.xctest */ = {isa = PBXFileReference; explicitFileType = wrapper.cfbundle; includeInIndex = 0; path = RentsterUITests.xctest; sourceTree = BUILT_PRODUCTS_DIR; };
		87702A8F1BBE324E00FD8713 /* RentsterUITests.swift */ = {isa = PBXFileReference; lastKnownFileType = sourcecode.swift; path = RentsterUITests.swift; sourceTree = "<group>"; };
		87702A911BBE324E00FD8713 /* Info.plist */ = {isa = PBXFileReference; lastKnownFileType = text.plist.xml; path = Info.plist; sourceTree = "<group>"; };
		87FD7C041BC0527F00F2ACE3 /* Rentster-Bridging-Header.h */ = {isa = PBXFileReference; lastKnownFileType = sourcecode.c.h; path = "Rentster-Bridging-Header.h"; sourceTree = "<group>"; };
		8BB7046CA378E6A0BEA12E00 /* Pods.release.xcconfig */ = {isa = PBXFileReference; includeInIndex = 1; lastKnownFileType = text.xcconfig; name = Pods.release.xcconfig; path = "Pods/Target Support Files/Pods/Pods.release.xcconfig"; sourceTree = "<group>"; };
		BB332FAA1BEDD78D0040114B /* ContactUser.swift */ = {isa = PBXFileReference; fileEncoding = 4; lastKnownFileType = sourcecode.swift; path = ContactUser.swift; sourceTree = "<group>"; };
		BB332FAE1BEDDD5D0040114B /* RSCustomTabBatViewController.swift */ = {isa = PBXFileReference; fileEncoding = 4; lastKnownFileType = sourcecode.swift; path = RSCustomTabBatViewController.swift; sourceTree = "<group>"; };
		BBC459591BEE26B800461A97 /* RSContactContactView.swift */ = {isa = PBXFileReference; fileEncoding = 4; lastKnownFileType = sourcecode.swift; path = RSContactContactView.swift; sourceTree = "<group>"; };
		BBC4595A1BEE26B800461A97 /* RSContactContactView.xib */ = {isa = PBXFileReference; fileEncoding = 4; lastKnownFileType = file.xib; path = RSContactContactView.xib; sourceTree = "<group>"; };
		BBC459631BEE557700461A97 /* CreateNewController.swift */ = {isa = PBXFileReference; fileEncoding = 4; lastKnownFileType = sourcecode.swift; path = CreateNewController.swift; sourceTree = "<group>"; };
		BBC459651BEE558C00461A97 /* Good.swift */ = {isa = PBXFileReference; fileEncoding = 4; lastKnownFileType = sourcecode.swift; path = Good.swift; sourceTree = "<group>"; };
		BBC459671BEE55D300461A97 /* RSItemDetailTableViewController.swift */ = {isa = PBXFileReference; fileEncoding = 4; lastKnownFileType = sourcecode.swift; path = RSItemDetailTableViewController.swift; sourceTree = "<group>"; };
		BBC459691BEE55E100461A97 /* RSPreviewPictureViewController.swift */ = {isa = PBXFileReference; fileEncoding = 4; lastKnownFileType = sourcecode.swift; path = RSPreviewPictureViewController.swift; sourceTree = "<group>"; };
		BBC4596B1BEE55F600461A97 /* RSHomePageController.swift */ = {isa = PBXFileReference; fileEncoding = 4; lastKnownFileType = sourcecode.swift; path = RSHomePageController.swift; sourceTree = "<group>"; };
		BBC4596F1BEE58ED00461A97 /* USer.swift */ = {isa = PBXFileReference; fileEncoding = 4; lastKnownFileType = sourcecode.swift; path = USer.swift; sourceTree = "<group>"; };
		BBE3F6121BEE9895004ED842 /* Main.storyboard */ = {isa = PBXFileReference; fileEncoding = 4; lastKnownFileType = file.storyboard; path = Main.storyboard; sourceTree = "<group>"; };
		C23685EFC91BB1236AE51EB6 /* Pods.debug.xcconfig */ = {isa = PBXFileReference; includeInIndex = 1; lastKnownFileType = text.xcconfig; name = Pods.debug.xcconfig; path = "Pods/Target Support Files/Pods/Pods.debug.xcconfig"; sourceTree = "<group>"; };
/* End PBXFileReference section */

/* Begin PBXFrameworksBuildPhase section */
		87702A691BBE324E00FD8713 /* Frameworks */ = {
			isa = PBXFrameworksBuildPhase;
			buildActionMask = 2147483647;
			files = (
				061E1B6628FCAA28DBB02982 /* Pods.framework in Frameworks */,
			);
			runOnlyForDeploymentPostprocessing = 0;
		};
		87702A7D1BBE324E00FD8713 /* Frameworks */ = {
			isa = PBXFrameworksBuildPhase;
			buildActionMask = 2147483647;
			files = (
			);
			runOnlyForDeploymentPostprocessing = 0;
		};
		87702A881BBE324E00FD8713 /* Frameworks */ = {
			isa = PBXFrameworksBuildPhase;
			buildActionMask = 2147483647;
			files = (
			);
			runOnlyForDeploymentPostprocessing = 0;
		};
/* End PBXFrameworksBuildPhase section */

/* Begin PBXGroup section */
		24601791B01AFF1DE1013EBC /* Pods */ = {
			isa = PBXGroup;
			children = (
				C23685EFC91BB1236AE51EB6 /* Pods.debug.xcconfig */,
				8BB7046CA378E6A0BEA12E00 /* Pods.release.xcconfig */,
			);
			name = Pods;
			sourceTree = "<group>";
		};
		47FAA448B9AD456DFAAACC79 /* Frameworks */ = {
			isa = PBXGroup;
			children = (
				72652D508BE7F85647DDFF22 /* Pods.framework */,
			);
			name = Frameworks;
			sourceTree = "<group>";
		};
		874EA91A1BC4436000B67E63 /* View */ = {
			isa = PBXGroup;
			children = (
				874EA9211BC4560700B67E63 /* RSHomePageCell.swift */,
				874EA9221BC4560700B67E63 /* RSHomePageCell.xib */,
				BBC459591BEE26B800461A97 /* RSContactContactView.swift */,
				BBC4595A1BEE26B800461A97 /* RSContactContactView.xib */,
			);
			name = View;
			sourceTree = "<group>";
		};
		87702A631BBE324E00FD8713 = {
			isa = PBXGroup;
			children = (
				87702A6E1BBE324E00FD8713 /* Rentster */,
				87702A831BBE324E00FD8713 /* RentsterTests */,
				87702A8E1BBE324E00FD8713 /* RentsterUITests */,
				87702A6D1BBE324E00FD8713 /* Products */,
				24601791B01AFF1DE1013EBC /* Pods */,
				47FAA448B9AD456DFAAACC79 /* Frameworks */,
			);
			sourceTree = "<group>";
		};
		87702A6D1BBE324E00FD8713 /* Products */ = {
			isa = PBXGroup;
			children = (
				87702A6C1BBE324E00FD8713 /* Rentster.app */,
				87702A801BBE324E00FD8713 /* RentsterTests.xctest */,
				87702A8B1BBE324E00FD8713 /* RentsterUITests.xctest */,
			);
			name = Products;
			sourceTree = "<group>";
		};
		87702A6E1BBE324E00FD8713 /* Rentster */ = {
			isa = PBXGroup;
			children = (
				874EA91A1BC4436000B67E63 /* View */,
				BB8FF56A1BBEB37D00C68647 /* Models */,
				BB8FF5651BBEA9DC00C68647 /* Controllers */,
				BB95D99A1BBEA7D000F7F6E9 /* Application */,
				87FD7C041BC0527F00F2ACE3 /* Rentster-Bridging-Header.h */,
			);
			path = Rentster;
			sourceTree = "<group>";
		};
		87702A831BBE324E00FD8713 /* RentsterTests */ = {
			isa = PBXGroup;
			children = (
				87702A841BBE324E00FD8713 /* RentsterTests.swift */,
				87702A861BBE324E00FD8713 /* Info.plist */,
			);
			path = RentsterTests;
			sourceTree = "<group>";
		};
		87702A8E1BBE324E00FD8713 /* RentsterUITests */ = {
			isa = PBXGroup;
			children = (
				87702A8F1BBE324E00FD8713 /* RentsterUITests.swift */,
				87702A911BBE324E00FD8713 /* Info.plist */,
			);
			path = RentsterUITests;
			sourceTree = "<group>";
		};
		BB8FF5651BBEA9DC00C68647 /* Controllers */ = {
			isa = PBXGroup;
			children = (
				BBC459671BEE55D300461A97 /* RSItemDetailTableViewController.swift */,
				BBC459691BEE55E100461A97 /* RSPreviewPictureViewController.swift */,
				BB332FAE1BEDDD5D0040114B /* RSCustomTabBatViewController.swift */,
				BBC4596B1BEE55F600461A97 /* RSHomePageController.swift */,
				7F51BCF71BEB52DC002B0D91 /* RSItemController.swift */,
				BBC459631BEE557700461A97 /* CreateNewController.swift */,
				875931B51BEE2ED700B857AD /* RSLoginController.swift */,
				875931B71BEE2F0800B857AD /* RSRegisterController.swift */,
				875931B91BEE32E900B857AD /* RSWelcomeController.swift */,
			);
			name = Controllers;
			sourceTree = "<group>";
		};
		BB8FF56A1BBEB37D00C68647 /* Models */ = {
			isa = PBXGroup;
			children = (
				BB332FAA1BEDD78D0040114B /* ContactUser.swift */,
				BBC459651BEE558C00461A97 /* Good.swift */,
				BBC4596F1BEE58ED00461A97 /* USer.swift */,
			);
			name = Models;
			sourceTree = "<group>";
		};
		BB95D99A1BBEA7D000F7F6E9 /* Application */ = {
			isa = PBXGroup;
			children = (
				87702A6F1BBE324E00FD8713 /* AppDelegate.swift */,
				BBE3F6121BEE9895004ED842 /* Main.storyboard */,
				87702A761BBE324E00FD8713 /* Assets.xcassets */,
				87702A781BBE324E00FD8713 /* LaunchScreen.storyboard */,
				87702A7B1BBE324E00FD8713 /* Info.plist */,
			);
			name = Application;
			sourceTree = "<group>";
		};
/* End PBXGroup section */

/* Begin PBXNativeTarget section */
		87702A6B1BBE324E00FD8713 /* Rentster */ = {
			isa = PBXNativeTarget;
			buildConfigurationList = 87702A941BBE324E00FD8713 /* Build configuration list for PBXNativeTarget "Rentster" */;
			buildPhases = (
				A660281E06CBE932250A24E9 /* Check Pods Manifest.lock */,
				87702A681BBE324E00FD8713 /* Sources */,
				87702A691BBE324E00FD8713 /* Frameworks */,
				87702A6A1BBE324E00FD8713 /* Resources */,
				825C93AB6A28562356FCB85A /* Embed Pods Frameworks */,
				648DD67A867754AE28C8B8E4 /* Copy Pods Resources */,
			);
			buildRules = (
			);
			dependencies = (
			);
			name = Rentster;
			productName = Rentster;
			productReference = 87702A6C1BBE324E00FD8713 /* Rentster.app */;
			productType = "com.apple.product-type.application";
		};
		87702A7F1BBE324E00FD8713 /* RentsterTests */ = {
			isa = PBXNativeTarget;
			buildConfigurationList = 87702A971BBE324E00FD8713 /* Build configuration list for PBXNativeTarget "RentsterTests" */;
			buildPhases = (
				87702A7C1BBE324E00FD8713 /* Sources */,
				87702A7D1BBE324E00FD8713 /* Frameworks */,
				87702A7E1BBE324E00FD8713 /* Resources */,
			);
			buildRules = (
			);
			dependencies = (
				87702A821BBE324E00FD8713 /* PBXTargetDependency */,
			);
			name = RentsterTests;
			productName = RentsterTests;
			productReference = 87702A801BBE324E00FD8713 /* RentsterTests.xctest */;
			productType = "com.apple.product-type.bundle.unit-test";
		};
		87702A8A1BBE324E00FD8713 /* RentsterUITests */ = {
			isa = PBXNativeTarget;
			buildConfigurationList = 87702A9A1BBE324E00FD8713 /* Build configuration list for PBXNativeTarget "RentsterUITests" */;
			buildPhases = (
				87702A871BBE324E00FD8713 /* Sources */,
				87702A881BBE324E00FD8713 /* Frameworks */,
				87702A891BBE324E00FD8713 /* Resources */,
			);
			buildRules = (
			);
			dependencies = (
				87702A8D1BBE324E00FD8713 /* PBXTargetDependency */,
			);
			name = RentsterUITests;
			productName = RentsterUITests;
			productReference = 87702A8B1BBE324E00FD8713 /* RentsterUITests.xctest */;
			productType = "com.apple.product-type.bundle.ui-testing";
		};
/* End PBXNativeTarget section */

/* Begin PBXProject section */
		87702A641BBE324E00FD8713 /* Project object */ = {
			isa = PBXProject;
			attributes = {
				LastSwiftUpdateCheck = 0700;
				LastUpgradeCheck = 0700;
				ORGANIZATIONNAME = "Shepard Wang";
				TargetAttributes = {
					87702A6B1BBE324E00FD8713 = {
						CreatedOnToolsVersion = 7.0.1;
					};
					87702A7F1BBE324E00FD8713 = {
						CreatedOnToolsVersion = 7.0.1;
						DevelopmentTeam = TT934WMMM9;
						TestTargetID = 87702A6B1BBE324E00FD8713;
					};
					87702A8A1BBE324E00FD8713 = {
						CreatedOnToolsVersion = 7.0.1;
						DevelopmentTeam = TT934WMMM9;
						TestTargetID = 87702A6B1BBE324E00FD8713;
					};
				};
			};
			buildConfigurationList = 87702A671BBE324E00FD8713 /* Build configuration list for PBXProject "Rentster" */;
			compatibilityVersion = "Xcode 3.2";
			developmentRegion = English;
			hasScannedForEncodings = 0;
			knownRegions = (
				en,
				Base,
			);
			mainGroup = 87702A631BBE324E00FD8713;
			productRefGroup = 87702A6D1BBE324E00FD8713 /* Products */;
			projectDirPath = "";
			projectRoot = "";
			targets = (
				87702A6B1BBE324E00FD8713 /* Rentster */,
				87702A7F1BBE324E00FD8713 /* RentsterTests */,
				87702A8A1BBE324E00FD8713 /* RentsterUITests */,
			);
		};
/* End PBXProject section */

/* Begin PBXResourcesBuildPhase section */
		87702A6A1BBE324E00FD8713 /* Resources */ = {
			isa = PBXResourcesBuildPhase;
			buildActionMask = 2147483647;
			files = (
				BBE3F6131BEE9895004ED842 /* Main.storyboard in Resources */,
				87702A7A1BBE324E00FD8713 /* LaunchScreen.storyboard in Resources */,
				87702A771BBE324E00FD8713 /* Assets.xcassets in Resources */,
				874EA9241BC4560700B67E63 /* RSHomePageCell.xib in Resources */,
				BBC4595C1BEE26B800461A97 /* RSContactContactView.xib in Resources */,
			);
			runOnlyForDeploymentPostprocessing = 0;
		};
		87702A7E1BBE324E00FD8713 /* Resources */ = {
			isa = PBXResourcesBuildPhase;
			buildActionMask = 2147483647;
			files = (
			);
			runOnlyForDeploymentPostprocessing = 0;
		};
		87702A891BBE324E00FD8713 /* Resources */ = {
			isa = PBXResourcesBuildPhase;
			buildActionMask = 2147483647;
			files = (
			);
			runOnlyForDeploymentPostprocessing = 0;
		};
/* End PBXResourcesBuildPhase section */

/* Begin PBXShellScriptBuildPhase section */
		648DD67A867754AE28C8B8E4 /* Copy Pods Resources */ = {
			isa = PBXShellScriptBuildPhase;
			buildActionMask = 2147483647;
			files = (
			);
			inputPaths = (
			);
			name = "Copy Pods Resources";
			outputPaths = (
			);
			runOnlyForDeploymentPostprocessing = 0;
			shellPath = /bin/sh;
			shellScript = "\"${SRCROOT}/Pods/Target Support Files/Pods/Pods-resources.sh\"\n";
			showEnvVarsInLog = 0;
		};
		825C93AB6A28562356FCB85A /* Embed Pods Frameworks */ = {
			isa = PBXShellScriptBuildPhase;
			buildActionMask = 2147483647;
			files = (
			);
			inputPaths = (
			);
			name = "Embed Pods Frameworks";
			outputPaths = (
			);
			runOnlyForDeploymentPostprocessing = 0;
			shellPath = /bin/sh;
			shellScript = "\"${SRCROOT}/Pods/Target Support Files/Pods/Pods-frameworks.sh\"\n";
			showEnvVarsInLog = 0;
		};
		A660281E06CBE932250A24E9 /* Check Pods Manifest.lock */ = {
			isa = PBXShellScriptBuildPhase;
			buildActionMask = 2147483647;
			files = (
			);
			inputPaths = (
			);
			name = "Check Pods Manifest.lock";
			outputPaths = (
			);
			runOnlyForDeploymentPostprocessing = 0;
			shellPath = /bin/sh;
			shellScript = "diff \"${PODS_ROOT}/../Podfile.lock\" \"${PODS_ROOT}/Manifest.lock\" > /dev/null\nif [[ $? != 0 ]] ; then\n    cat << EOM\nerror: The sandbox is not in sync with the Podfile.lock. Run 'pod install' or update your CocoaPods installation.\nEOM\n    exit 1\nfi\n";
			showEnvVarsInLog = 0;
		};
/* End PBXShellScriptBuildPhase section */

/* Begin PBXSourcesBuildPhase section */
		87702A681BBE324E00FD8713 /* Sources */ = {
			isa = PBXSourcesBuildPhase;
			buildActionMask = 2147483647;
			files = (
				BBC459661BEE558C00461A97 /* Good.swift in Sources */,
				BBC4596A1BEE55E100461A97 /* RSPreviewPictureViewController.swift in Sources */,
				BB332FAF1BEDDD5D0040114B /* RSCustomTabBatViewController.swift in Sources */,
				874EA9231BC4560700B67E63 /* RSHomePageCell.swift in Sources */,
				BBC4596C1BEE55F600461A97 /* RSHomePageController.swift in Sources */,
				875931B81BEE2F0800B857AD /* RSRegisterController.swift in Sources */,
				875931B61BEE2ED700B857AD /* RSLoginController.swift in Sources */,
				BBC459701BEE58ED00461A97 /* USer.swift in Sources */,
				7F51BCF81BEB52DC002B0D91 /* RSItemController.swift in Sources */,
				875931BA1BEE32E900B857AD /* RSWelcomeController.swift in Sources */,
				BBC4595B1BEE26B800461A97 /* RSContactContactView.swift in Sources */,
				BBC459681BEE55D300461A97 /* RSItemDetailTableViewController.swift in Sources */,
				87702A701BBE324E00FD8713 /* AppDelegate.swift in Sources */,
				BBC459641BEE557700461A97 /* CreateNewController.swift in Sources */,
				BB332FAC1BEDD78D0040114B /* ContactUser.swift in Sources */,
			);
			runOnlyForDeploymentPostprocessing = 0;
		};
		87702A7C1BBE324E00FD8713 /* Sources */ = {
			isa = PBXSourcesBuildPhase;
			buildActionMask = 2147483647;
			files = (
				87702A851BBE324E00FD8713 /* RentsterTests.swift in Sources */,
			);
			runOnlyForDeploymentPostprocessing = 0;
		};
		87702A871BBE324E00FD8713 /* Sources */ = {
			isa = PBXSourcesBuildPhase;
			buildActionMask = 2147483647;
			files = (
				87702A901BBE324E00FD8713 /* RentsterUITests.swift in Sources */,
			);
			runOnlyForDeploymentPostprocessing = 0;
		};
/* End PBXSourcesBuildPhase section */

/* Begin PBXTargetDependency section */
		87702A821BBE324E00FD8713 /* PBXTargetDependency */ = {
			isa = PBXTargetDependency;
			target = 87702A6B1BBE324E00FD8713 /* Rentster */;
			targetProxy = 87702A811BBE324E00FD8713 /* PBXContainerItemProxy */;
		};
		87702A8D1BBE324E00FD8713 /* PBXTargetDependency */ = {
			isa = PBXTargetDependency;
			target = 87702A6B1BBE324E00FD8713 /* Rentster */;
			targetProxy = 87702A8C1BBE324E00FD8713 /* PBXContainerItemProxy */;
		};
/* End PBXTargetDependency section */

/* Begin PBXVariantGroup section */
		87702A781BBE324E00FD8713 /* LaunchScreen.storyboard */ = {
			isa = PBXVariantGroup;
			children = (
				87702A791BBE324E00FD8713 /* Base */,
			);
			name = LaunchScreen.storyboard;
			sourceTree = "<group>";
		};
/* End PBXVariantGroup section */

/* Begin XCBuildConfiguration section */
		87702A921BBE324E00FD8713 /* Debug */ = {
			isa = XCBuildConfiguration;
			buildSettings = {
				ALWAYS_SEARCH_USER_PATHS = NO;
				CLANG_CXX_LANGUAGE_STANDARD = "gnu++0x";
				CLANG_CXX_LIBRARY = "libc++";
				CLANG_ENABLE_MODULES = YES;
				CLANG_ENABLE_OBJC_ARC = YES;
				CLANG_WARN_BOOL_CONVERSION = YES;
				CLANG_WARN_CONSTANT_CONVERSION = YES;
				CLANG_WARN_DIRECT_OBJC_ISA_USAGE = YES_ERROR;
				CLANG_WARN_EMPTY_BODY = YES;
				CLANG_WARN_ENUM_CONVERSION = YES;
				CLANG_WARN_INT_CONVERSION = YES;
				CLANG_WARN_OBJC_ROOT_CLASS = YES_ERROR;
				CLANG_WARN_UNREACHABLE_CODE = YES;
				CLANG_WARN__DUPLICATE_METHOD_MATCH = YES;
				"CODE_SIGN_IDENTITY[sdk=iphoneos*]" = "iPhone Developer";
				COPY_PHASE_STRIP = NO;
				DEBUG_INFORMATION_FORMAT = dwarf;
				ENABLE_STRICT_OBJC_MSGSEND = YES;
				ENABLE_TESTABILITY = YES;
				GCC_C_LANGUAGE_STANDARD = gnu99;
				GCC_DYNAMIC_NO_PIC = NO;
				GCC_NO_COMMON_BLOCKS = YES;
				GCC_OPTIMIZATION_LEVEL = 0;
				GCC_PREPROCESSOR_DEFINITIONS = (
					"DEBUG=1",
					"$(inherited)",
				);
				GCC_WARN_64_TO_32_BIT_CONVERSION = YES;
				GCC_WARN_ABOUT_RETURN_TYPE = YES_ERROR;
				GCC_WARN_UNDECLARED_SELECTOR = YES;
				GCC_WARN_UNINITIALIZED_AUTOS = YES_AGGRESSIVE;
				GCC_WARN_UNUSED_FUNCTION = YES;
				GCC_WARN_UNUSED_VARIABLE = YES;
				IPHONEOS_DEPLOYMENT_TARGET = 9.0;
				MTL_ENABLE_DEBUG_INFO = YES;
				ONLY_ACTIVE_ARCH = YES;
				SDKROOT = iphoneos;
				SWIFT_OPTIMIZATION_LEVEL = "-Onone";
			};
			name = Debug;
		};
		87702A931BBE324E00FD8713 /* Release */ = {
			isa = XCBuildConfiguration;
			buildSettings = {
				ALWAYS_SEARCH_USER_PATHS = NO;
				CLANG_CXX_LANGUAGE_STANDARD = "gnu++0x";
				CLANG_CXX_LIBRARY = "libc++";
				CLANG_ENABLE_MODULES = YES;
				CLANG_ENABLE_OBJC_ARC = YES;
				CLANG_WARN_BOOL_CONVERSION = YES;
				CLANG_WARN_CONSTANT_CONVERSION = YES;
				CLANG_WARN_DIRECT_OBJC_ISA_USAGE = YES_ERROR;
				CLANG_WARN_EMPTY_BODY = YES;
				CLANG_WARN_ENUM_CONVERSION = YES;
				CLANG_WARN_INT_CONVERSION = YES;
				CLANG_WARN_OBJC_ROOT_CLASS = YES_ERROR;
				CLANG_WARN_UNREACHABLE_CODE = YES;
				CLANG_WARN__DUPLICATE_METHOD_MATCH = YES;
				"CODE_SIGN_IDENTITY[sdk=iphoneos*]" = "iPhone Developer";
				COPY_PHASE_STRIP = NO;
				DEBUG_INFORMATION_FORMAT = "dwarf-with-dsym";
				ENABLE_NS_ASSERTIONS = NO;
				ENABLE_STRICT_OBJC_MSGSEND = YES;
				GCC_C_LANGUAGE_STANDARD = gnu99;
				GCC_NO_COMMON_BLOCKS = YES;
				GCC_WARN_64_TO_32_BIT_CONVERSION = YES;
				GCC_WARN_ABOUT_RETURN_TYPE = YES_ERROR;
				GCC_WARN_UNDECLARED_SELECTOR = YES;
				GCC_WARN_UNINITIALIZED_AUTOS = YES_AGGRESSIVE;
				GCC_WARN_UNUSED_FUNCTION = YES;
				GCC_WARN_UNUSED_VARIABLE = YES;
				IPHONEOS_DEPLOYMENT_TARGET = 9.0;
				MTL_ENABLE_DEBUG_INFO = NO;
				SDKROOT = iphoneos;
				VALIDATE_PRODUCT = YES;
			};
			name = Release;
		};
		87702A951BBE324E00FD8713 /* Debug */ = {
			isa = XCBuildConfiguration;
			baseConfigurationReference = C23685EFC91BB1236AE51EB6 /* Pods.debug.xcconfig */;
			buildSettings = {
				ASSETCATALOG_COMPILER_APPICON_NAME = AppIcon;
				CLANG_ENABLE_MODULES = YES;
				CODE_SIGN_IDENTITY = "iPhone Developer";
				"CODE_SIGN_IDENTITY[sdk=iphoneos*]" = "iPhone Developer";
				INFOPLIST_FILE = Rentster/Info.plist;
				IPHONEOS_DEPLOYMENT_TARGET = 8.4;
				LD_RUNPATH_SEARCH_PATHS = "$(inherited) @executable_path/Frameworks";
				PRODUCT_BUNDLE_IDENTIFIER = rentster.Rentster;
				PRODUCT_NAME = "$(TARGET_NAME)";
				PROVISIONING_PROFILE = "";
				SWIFT_OBJC_BRIDGING_HEADER = "Rentster/Rentster-Bridging-Header.h";
				SWIFT_OPTIMIZATION_LEVEL = "-Onone";
			};
			name = Debug;
		};
		87702A961BBE324E00FD8713 /* Release */ = {
			isa = XCBuildConfiguration;
			baseConfigurationReference = 8BB7046CA378E6A0BEA12E00 /* Pods.release.xcconfig */;
			buildSettings = {
				ASSETCATALOG_COMPILER_APPICON_NAME = AppIcon;
				CLANG_ENABLE_MODULES = YES;
				CODE_SIGN_IDENTITY = "iPhone Developer";
				"CODE_SIGN_IDENTITY[sdk=iphoneos*]" = "iPhone Developer";
				INFOPLIST_FILE = Rentster/Info.plist;
				IPHONEOS_DEPLOYMENT_TARGET = 8.4;
				LD_RUNPATH_SEARCH_PATHS = "$(inherited) @executable_path/Frameworks";
				PRODUCT_BUNDLE_IDENTIFIER = rentster.Rentster;
				PRODUCT_NAME = "$(TARGET_NAME)";
				PROVISIONING_PROFILE = "";
				SWIFT_OBJC_BRIDGING_HEADER = "Rentster/Rentster-Bridging-Header.h";
			};
			name = Release;
		};
		87702A981BBE324E00FD8713 /* Debug */ = {
			isa = XCBuildConfiguration;
			buildSettings = {
				BUNDLE_LOADER = "$(TEST_HOST)";
				INFOPLIST_FILE = RentsterTests/Info.plist;
				LD_RUNPATH_SEARCH_PATHS = "$(inherited) @executable_path/Frameworks @loader_path/Frameworks";
				PRODUCT_BUNDLE_IDENTIFIER = rentster.RentsterTests;
				PRODUCT_NAME = "$(TARGET_NAME)";
				TEST_HOST = "$(BUILT_PRODUCTS_DIR)/Rentster.app/Rentster";
			};
			name = Debug;
		};
		87702A991BBE324E00FD8713 /* Release */ = {
			isa = XCBuildConfiguration;
			buildSettings = {
				BUNDLE_LOADER = "$(TEST_HOST)";
				INFOPLIST_FILE = RentsterTests/Info.plist;
				LD_RUNPATH_SEARCH_PATHS = "$(inherited) @executable_path/Frameworks @loader_path/Frameworks";
				PRODUCT_BUNDLE_IDENTIFIER = rentster.RentsterTests;
				PRODUCT_NAME = "$(TARGET_NAME)";
				TEST_HOST = "$(BUILT_PRODUCTS_DIR)/Rentster.app/Rentster";
			};
			name = Release;
		};
		87702A9B1BBE324E00FD8713 /* Debug */ = {
			isa = XCBuildConfiguration;
			buildSettings = {
				INFOPLIST_FILE = RentsterUITests/Info.plist;
				LD_RUNPATH_SEARCH_PATHS = "$(inherited) @executable_path/Frameworks @loader_path/Frameworks";
				PRODUCT_BUNDLE_IDENTIFIER = rentster.RentsterUITests;
				PRODUCT_NAME = "$(TARGET_NAME)";
				TEST_TARGET_NAME = Rentster;
				USES_XCTRUNNER = YES;
			};
			name = Debug;
		};
		87702A9C1BBE324E00FD8713 /* Release */ = {
			isa = XCBuildConfiguration;
			buildSettings = {
				INFOPLIST_FILE = RentsterUITests/Info.plist;
				LD_RUNPATH_SEARCH_PATHS = "$(inherited) @executable_path/Frameworks @loader_path/Frameworks";
				PRODUCT_BUNDLE_IDENTIFIER = rentster.RentsterUITests;
				PRODUCT_NAME = "$(TARGET_NAME)";
				TEST_TARGET_NAME = Rentster;
				USES_XCTRUNNER = YES;
			};
			name = Release;
		};
/* End XCBuildConfiguration section */

/* Begin XCConfigurationList section */
		87702A671BBE324E00FD8713 /* Build configuration list for PBXProject "Rentster" */ = {
			isa = XCConfigurationList;
			buildConfigurations = (
				87702A921BBE324E00FD8713 /* Debug */,
				87702A931BBE324E00FD8713 /* Release */,
			);
			defaultConfigurationIsVisible = 0;
			defaultConfigurationName = Release;
		};
		87702A941BBE324E00FD8713 /* Build configuration list for PBXNativeTarget "Rentster" */ = {
			isa = XCConfigurationList;
			buildConfigurations = (
				87702A951BBE324E00FD8713 /* Debug */,
				87702A961BBE324E00FD8713 /* Release */,
			);
			defaultConfigurationIsVisible = 0;
			defaultConfigurationName = Release;
		};
		87702A971BBE324E00FD8713 /* Build configuration list for PBXNativeTarget "RentsterTests" */ = {
			isa = XCConfigurationList;
			buildConfigurations = (
				87702A981BBE324E00FD8713 /* Debug */,
				87702A991BBE324E00FD8713 /* Release */,
			);
			defaultConfigurationIsVisible = 0;
			defaultConfigurationName = Release;
		};
		87702A9A1BBE324E00FD8713 /* Build configuration list for PBXNativeTarget "RentsterUITests" */ = {
			isa = XCConfigurationList;
			buildConfigurations = (
				87702A9B1BBE324E00FD8713 /* Debug */,
				87702A9C1BBE324E00FD8713 /* Release */,
			);
			defaultConfigurationIsVisible = 0;
			defaultConfigurationName = Release;
		};
/* End XCConfigurationList section */
	};
	rootObject = 87702A641BBE324E00FD8713 /* Project object */;
}
